// !$*UTF8*$!
{
	archiveVersion = 1;
	classes = {
	};
	objectVersion = 48;
	objects = {

/* Begin PBXBuildFile section */
		67D7C6035FA67F7DF244010B /* Pods_lazymetro.framework in Frameworks */ = {isa = PBXBuildFile; fileRef = D6606E5E83146BEC4DE28342 /* Pods_lazymetro.framework */; };
		CF3D9B9F203F25A700C88938 /* UIImage+Extensions.swift in Sources */ = {isa = PBXBuildFile; fileRef = CF3D9B9E203F25A700C88938 /* UIImage+Extensions.swift */; };
		CF3D9BA320401AE900C88938 /* TimerTableViewCell.swift in Sources */ = {isa = PBXBuildFile; fileRef = CF3D9BA120401AE900C88938 /* TimerTableViewCell.swift */; };
		CF3D9BA420401AE900C88938 /* TimerTableViewCell.xib in Resources */ = {isa = PBXBuildFile; fileRef = CF3D9BA220401AE900C88938 /* TimerTableViewCell.xib */; };
		CF3D9BA720405DFA00C88938 /* Log.swift in Sources */ = {isa = PBXBuildFile; fileRef = CF3D9BA620405DFA00C88938 /* Log.swift */; };
		CF611B342046DC60007C4807 /* Coordinator.swift in Sources */ = {isa = PBXBuildFile; fileRef = CF611B332046DC60007C4807 /* Coordinator.swift */; };
		CF611B362046DFBC007C4807 /* User.swift in Sources */ = {isa = PBXBuildFile; fileRef = CF611B352046DFBC007C4807 /* User.swift */; };
		CF611B382046E0F4007C4807 /* Section.swift in Sources */ = {isa = PBXBuildFile; fileRef = CF611B372046E0F4007C4807 /* Section.swift */; };
		CF611B3A2046ED38007C4807 /* CoreDataManager.swift in Sources */ = {isa = PBXBuildFile; fileRef = CF611B392046ED38007C4807 /* CoreDataManager.swift */; };
		CF611B3E2046EED1007C4807 /* lazymetroCoreDataModel.xcdatamodeld in Sources */ = {isa = PBXBuildFile; fileRef = CF611B3C2046EED1007C4807 /* lazymetroCoreDataModel.xcdatamodeld */; };
		CF611B4020470AB0007C4807 /* Constants.swift in Sources */ = {isa = PBXBuildFile; fileRef = CF611B3F20470AB0007C4807 /* Constants.swift */; };
		CF80E31820339ED200CE21AB /* SettingsViewController.swift in Sources */ = {isa = PBXBuildFile; fileRef = CF80E31620339ED200CE21AB /* SettingsViewController.swift */; };
		CF80E31920339ED200CE21AB /* SettingsViewController.xib in Resources */ = {isa = PBXBuildFile; fileRef = CF80E31720339ED200CE21AB /* SettingsViewController.xib */; };
		CF80E31B20339EF300CE21AB /* SettingsViewModel.swift in Sources */ = {isa = PBXBuildFile; fileRef = CF80E31A20339EF300CE21AB /* SettingsViewModel.swift */; };
		CF80E31D20339F0000CE21AB /* SettingsDataSource.swift in Sources */ = {isa = PBXBuildFile; fileRef = CF80E31C20339F0000CE21AB /* SettingsDataSource.swift */; };
		CF80E31F20339F1400CE21AB /* SettingsView.swift in Sources */ = {isa = PBXBuildFile; fileRef = CF80E31E20339F1400CE21AB /* SettingsView.swift */; };
		CF80E3242033A1DE00CE21AB /* TripManagerView.swift in Sources */ = {isa = PBXBuildFile; fileRef = CF80E3232033A1DE00CE21AB /* TripManagerView.swift */; };
		CF80E3272033A1E900CE21AB /* TripManagerViewController.swift in Sources */ = {isa = PBXBuildFile; fileRef = CF80E3252033A1E900CE21AB /* TripManagerViewController.swift */; };
		CF80E3282033A1E900CE21AB /* TripManagerViewController.xib in Resources */ = {isa = PBXBuildFile; fileRef = CF80E3262033A1E900CE21AB /* TripManagerViewController.xib */; };
		CF80E32A2033A1F700CE21AB /* TripManagerViewModel.swift in Sources */ = {isa = PBXBuildFile; fileRef = CF80E3292033A1F700CE21AB /* TripManagerViewModel.swift */; };
		CF80E32E2033A32E00CE21AB /* MapViewModel.swift in Sources */ = {isa = PBXBuildFile; fileRef = CF80E32D2033A32E00CE21AB /* MapViewModel.swift */; };
		CF80E3312033A33E00CE21AB /* MapViewController.swift in Sources */ = {isa = PBXBuildFile; fileRef = CF80E32F2033A33E00CE21AB /* MapViewController.swift */; };
		CF80E3322033A33E00CE21AB /* MapViewController.xib in Resources */ = {isa = PBXBuildFile; fileRef = CF80E3302033A33E00CE21AB /* MapViewController.xib */; };
		CF80E3342033A34B00CE21AB /* MapView.swift in Sources */ = {isa = PBXBuildFile; fileRef = CF80E3332033A34B00CE21AB /* MapView.swift */; };
		CF80E3382033A38400CE21AB /* TimerView.swift in Sources */ = {isa = PBXBuildFile; fileRef = CF80E3372033A38400CE21AB /* TimerView.swift */; };
		CF80E33C2033A39400CE21AB /* TimerViewController.swift in Sources */ = {isa = PBXBuildFile; fileRef = CF80E33A2033A39400CE21AB /* TimerViewController.swift */; };
		CF80E33D2033A39400CE21AB /* TimerViewController.xib in Resources */ = {isa = PBXBuildFile; fileRef = CF80E33B2033A39400CE21AB /* TimerViewController.xib */; };
		CF80E33F2033A3A100CE21AB /* TimerViewModel.swift in Sources */ = {isa = PBXBuildFile; fileRef = CF80E33E2033A3A100CE21AB /* TimerViewModel.swift */; };
		CF93AEBE203DCC9F0019D407 /* TabBarViewController.swift in Sources */ = {isa = PBXBuildFile; fileRef = CF93AEBC203DCC9F0019D407 /* TabBarViewController.swift */; };
		CF9AE352204411D000358F8D /* RealmManager.swift in Sources */ = {isa = PBXBuildFile; fileRef = CF9AE351204411D000358F8D /* RealmManager.swift */; };
		CF9AE3572044161200358F8D /* ViewController.swift in Sources */ = {isa = PBXBuildFile; fileRef = CF9AE3562044161200358F8D /* ViewController.swift */; };
		CF9AE3592044166500358F8D /* ViewModel.swift in Sources */ = {isa = PBXBuildFile; fileRef = CF9AE3582044166500358F8D /* ViewModel.swift */; };
		CF9AE35B20443F0D00358F8D /* TableDataSource.swift in Sources */ = {isa = PBXBuildFile; fileRef = CF9AE35A20443F0D00358F8D /* TableDataSource.swift */; };
		CFCDABA92033976B000CD36F /* AppDelegate.swift in Sources */ = {isa = PBXBuildFile; fileRef = CFCDABA82033976B000CD36F /* AppDelegate.swift */; };
		CFCDABB02033976B000CD36F /* Assets.xcassets in Resources */ = {isa = PBXBuildFile; fileRef = CFCDABAF2033976B000CD36F /* Assets.xcassets */; };
		CFCDABB32033976B000CD36F /* LaunchScreen.storyboard in Resources */ = {isa = PBXBuildFile; fileRef = CFCDABB12033976B000CD36F /* LaunchScreen.storyboard */; };
		CFF9DB3F204452890097060B /* ReusableCell.swift in Sources */ = {isa = PBXBuildFile; fileRef = CFF9DB3E204452890097060B /* ReusableCell.swift */; };
		CFF9DB43204455F90097060B /* TimerDataSource.swift in Sources */ = {isa = PBXBuildFile; fileRef = CFF9DB42204455F90097060B /* TimerDataSource.swift */; };
		CFF9DB45204469C20097060B /* UITableView+Extensions.swift in Sources */ = {isa = PBXBuildFile; fileRef = CFF9DB44204469C20097060B /* UITableView+Extensions.swift */; };
/* End PBXBuildFile section */

/* Begin PBXFileReference section */
		179D20FC81252A70EB95B48C /* Pods-lazymetro.release.xcconfig */ = {isa = PBXFileReference; includeInIndex = 1; lastKnownFileType = text.xcconfig; name = "Pods-lazymetro.release.xcconfig"; path = "Pods/Target Support Files/Pods-lazymetro/Pods-lazymetro.release.xcconfig"; sourceTree = "<group>"; };
		57731B71FFA4866A76DF4084 /* Pods-lazymetro.debug.xcconfig */ = {isa = PBXFileReference; includeInIndex = 1; lastKnownFileType = text.xcconfig; name = "Pods-lazymetro.debug.xcconfig"; path = "Pods/Target Support Files/Pods-lazymetro/Pods-lazymetro.debug.xcconfig"; sourceTree = "<group>"; };
		CF3D9B9E203F25A700C88938 /* UIImage+Extensions.swift */ = {isa = PBXFileReference; lastKnownFileType = sourcecode.swift; path = "UIImage+Extensions.swift"; sourceTree = "<group>"; };
		CF3D9BA120401AE900C88938 /* TimerTableViewCell.swift */ = {isa = PBXFileReference; lastKnownFileType = sourcecode.swift; path = TimerTableViewCell.swift; sourceTree = "<group>"; };
		CF3D9BA220401AE900C88938 /* TimerTableViewCell.xib */ = {isa = PBXFileReference; lastKnownFileType = file.xib; path = TimerTableViewCell.xib; sourceTree = "<group>"; };
		CF3D9BA620405DFA00C88938 /* Log.swift */ = {isa = PBXFileReference; lastKnownFileType = sourcecode.swift; path = Log.swift; sourceTree = "<group>"; };
		CF611B332046DC60007C4807 /* Coordinator.swift */ = {isa = PBXFileReference; lastKnownFileType = sourcecode.swift; path = Coordinator.swift; sourceTree = "<group>"; };
		CF611B352046DFBC007C4807 /* User.swift */ = {isa = PBXFileReference; lastKnownFileType = sourcecode.swift; path = User.swift; sourceTree = "<group>"; };
		CF611B372046E0F4007C4807 /* Section.swift */ = {isa = PBXFileReference; lastKnownFileType = sourcecode.swift; path = Section.swift; sourceTree = "<group>"; };
		CF611B392046ED38007C4807 /* CoreDataManager.swift */ = {isa = PBXFileReference; lastKnownFileType = sourcecode.swift; path = CoreDataManager.swift; sourceTree = "<group>"; };
		CF611B3D2046EED1007C4807 /* lazymetroCoreDataModel.xcdatamodel */ = {isa = PBXFileReference; lastKnownFileType = wrapper.xcdatamodel; path = lazymetroCoreDataModel.xcdatamodel; sourceTree = "<group>"; };
		CF611B3F20470AB0007C4807 /* Constants.swift */ = {isa = PBXFileReference; lastKnownFileType = sourcecode.swift; path = Constants.swift; sourceTree = "<group>"; };
		CF726AE7203C7D480015BB70 /* ObjectiveBridgingHeader.h */ = {isa = PBXFileReference; lastKnownFileType = sourcecode.c.h; path = ObjectiveBridgingHeader.h; sourceTree = "<group>"; };
		CF80E31620339ED200CE21AB /* SettingsViewController.swift */ = {isa = PBXFileReference; lastKnownFileType = sourcecode.swift; path = SettingsViewController.swift; sourceTree = "<group>"; };
		CF80E31720339ED200CE21AB /* SettingsViewController.xib */ = {isa = PBXFileReference; lastKnownFileType = file.xib; path = SettingsViewController.xib; sourceTree = "<group>"; };
		CF80E31A20339EF300CE21AB /* SettingsViewModel.swift */ = {isa = PBXFileReference; lastKnownFileType = sourcecode.swift; path = SettingsViewModel.swift; sourceTree = "<group>"; };
		CF80E31C20339F0000CE21AB /* SettingsDataSource.swift */ = {isa = PBXFileReference; lastKnownFileType = sourcecode.swift; path = SettingsDataSource.swift; sourceTree = "<group>"; };
		CF80E31E20339F1400CE21AB /* SettingsView.swift */ = {isa = PBXFileReference; lastKnownFileType = sourcecode.swift; path = SettingsView.swift; sourceTree = "<group>"; };
		CF80E3232033A1DE00CE21AB /* TripManagerView.swift */ = {isa = PBXFileReference; lastKnownFileType = sourcecode.swift; path = TripManagerView.swift; sourceTree = "<group>"; };
		CF80E3252033A1E900CE21AB /* TripManagerViewController.swift */ = {isa = PBXFileReference; lastKnownFileType = sourcecode.swift; path = TripManagerViewController.swift; sourceTree = "<group>"; };
		CF80E3262033A1E900CE21AB /* TripManagerViewController.xib */ = {isa = PBXFileReference; lastKnownFileType = file.xib; path = TripManagerViewController.xib; sourceTree = "<group>"; };
		CF80E3292033A1F700CE21AB /* TripManagerViewModel.swift */ = {isa = PBXFileReference; lastKnownFileType = sourcecode.swift; path = TripManagerViewModel.swift; sourceTree = "<group>"; };
		CF80E32D2033A32E00CE21AB /* MapViewModel.swift */ = {isa = PBXFileReference; lastKnownFileType = sourcecode.swift; path = MapViewModel.swift; sourceTree = "<group>"; };
		CF80E32F2033A33E00CE21AB /* MapViewController.swift */ = {isa = PBXFileReference; lastKnownFileType = sourcecode.swift; path = MapViewController.swift; sourceTree = "<group>"; };
		CF80E3302033A33E00CE21AB /* MapViewController.xib */ = {isa = PBXFileReference; lastKnownFileType = file.xib; path = MapViewController.xib; sourceTree = "<group>"; };
		CF80E3332033A34B00CE21AB /* MapView.swift */ = {isa = PBXFileReference; lastKnownFileType = sourcecode.swift; path = MapView.swift; sourceTree = "<group>"; };
		CF80E3372033A38400CE21AB /* TimerView.swift */ = {isa = PBXFileReference; lastKnownFileType = sourcecode.swift; path = TimerView.swift; sourceTree = "<group>"; };
		CF80E33A2033A39400CE21AB /* TimerViewController.swift */ = {isa = PBXFileReference; lastKnownFileType = sourcecode.swift; path = TimerViewController.swift; sourceTree = "<group>"; };
		CF80E33B2033A39400CE21AB /* TimerViewController.xib */ = {isa = PBXFileReference; lastKnownFileType = file.xib; path = TimerViewController.xib; sourceTree = "<group>"; };
		CF80E33E2033A3A100CE21AB /* TimerViewModel.swift */ = {isa = PBXFileReference; lastKnownFileType = sourcecode.swift; path = TimerViewModel.swift; sourceTree = "<group>"; };
		CF93AEBC203DCC9F0019D407 /* TabBarViewController.swift */ = {isa = PBXFileReference; lastKnownFileType = sourcecode.swift; path = TabBarViewController.swift; sourceTree = "<group>"; };
		CF9AE351204411D000358F8D /* RealmManager.swift */ = {isa = PBXFileReference; lastKnownFileType = sourcecode.swift; path = RealmManager.swift; sourceTree = "<group>"; };
		CF9AE3562044161200358F8D /* ViewController.swift */ = {isa = PBXFileReference; lastKnownFileType = sourcecode.swift; path = ViewController.swift; sourceTree = "<group>"; };
		CF9AE3582044166500358F8D /* ViewModel.swift */ = {isa = PBXFileReference; lastKnownFileType = sourcecode.swift; path = ViewModel.swift; sourceTree = "<group>"; };
		CF9AE35A20443F0D00358F8D /* TableDataSource.swift */ = {isa = PBXFileReference; lastKnownFileType = sourcecode.swift; path = TableDataSource.swift; sourceTree = "<group>"; };
		CFCDABA52033976B000CD36F /* lazymetro.app */ = {isa = PBXFileReference; explicitFileType = wrapper.application; includeInIndex = 0; path = lazymetro.app; sourceTree = BUILT_PRODUCTS_DIR; };
		CFCDABA82033976B000CD36F /* AppDelegate.swift */ = {isa = PBXFileReference; lastKnownFileType = sourcecode.swift; path = AppDelegate.swift; sourceTree = "<group>"; };
		CFCDABAF2033976B000CD36F /* Assets.xcassets */ = {isa = PBXFileReference; lastKnownFileType = folder.assetcatalog; path = Assets.xcassets; sourceTree = "<group>"; };
		CFCDABB22033976B000CD36F /* Base */ = {isa = PBXFileReference; lastKnownFileType = file.storyboard; name = Base; path = Base.lproj/LaunchScreen.storyboard; sourceTree = "<group>"; };
		CFCDABB42033976B000CD36F /* Info.plist */ = {isa = PBXFileReference; lastKnownFileType = text.plist.xml; path = Info.plist; sourceTree = "<group>"; };
		CFF9DB3E204452890097060B /* ReusableCell.swift */ = {isa = PBXFileReference; lastKnownFileType = sourcecode.swift; path = ReusableCell.swift; sourceTree = "<group>"; };
		CFF9DB42204455F90097060B /* TimerDataSource.swift */ = {isa = PBXFileReference; lastKnownFileType = sourcecode.swift; path = TimerDataSource.swift; sourceTree = "<group>"; };
		CFF9DB44204469C20097060B /* UITableView+Extensions.swift */ = {isa = PBXFileReference; lastKnownFileType = sourcecode.swift; path = "UITableView+Extensions.swift"; sourceTree = "<group>"; };
		D6606E5E83146BEC4DE28342 /* Pods_lazymetro.framework */ = {isa = PBXFileReference; explicitFileType = wrapper.framework; includeInIndex = 0; path = Pods_lazymetro.framework; sourceTree = BUILT_PRODUCTS_DIR; };
/* End PBXFileReference section */

/* Begin PBXFrameworksBuildPhase section */
		CFCDABA22033976B000CD36F /* Frameworks */ = {
			isa = PBXFrameworksBuildPhase;
			buildActionMask = 2147483647;
			files = (
				67D7C6035FA67F7DF244010B /* Pods_lazymetro.framework in Frameworks */,
			);
			runOnlyForDeploymentPostprocessing = 0;
		};
/* End PBXFrameworksBuildPhase section */

/* Begin PBXGroup section */
		62B150DD2FD998890145A754 /* Frameworks */ = {
			isa = PBXGroup;
			children = (
				D6606E5E83146BEC4DE28342 /* Pods_lazymetro.framework */,
			);
			name = Frameworks;
			sourceTree = "<group>";
		};
		B3C0D0E1FB60A179475D8AE6 /* Pods */ = {
			isa = PBXGroup;
			children = (
				57731B71FFA4866A76DF4084 /* Pods-lazymetro.debug.xcconfig */,
				179D20FC81252A70EB95B48C /* Pods-lazymetro.release.xcconfig */,
			);
			name = Pods;
			sourceTree = "<group>";
		};
		CF3D9BA020401ACE00C88938 /* TimerTableViewCell */ = {
			isa = PBXGroup;
			children = (
				CF3D9BA120401AE900C88938 /* TimerTableViewCell.swift */,
				CF3D9BA220401AE900C88938 /* TimerTableViewCell.xib */,
			);
			path = TimerTableViewCell;
			sourceTree = "<group>";
		};
		CF3D9BA520405DE900C88938 /* Global */ = {
			isa = PBXGroup;
			children = (
				CF3D9BA620405DFA00C88938 /* Log.swift */,
			);
			path = Global;
			sourceTree = "<group>";
		};
		CF611B3B2046EE6F007C4807 /* Resources */ = {
			isa = PBXGroup;
			children = (
				CF611B3C2046EED1007C4807 /* lazymetroCoreDataModel.xcdatamodeld */,
			);
			path = Resources;
			sourceTree = "<group>";
		};
		CF80E30B20339C6800CE21AB /* Source */ = {
			isa = PBXGroup;
			children = (
				CF611B3B2046EE6F007C4807 /* Resources */,
				CF9AE353204415EC00358F8D /* Patterns */,
				CF9AE350204411A000358F8D /* Services */,
				CF80E30C20339C6800CE21AB /* DataSources */,
				CF80E30E20339C6800CE21AB /* Kits */,
				CF80E30F20339C6800CE21AB /* Constants */,
				CF80E31020339C6800CE21AB /* Models */,
				CF80E31120339C6800CE21AB /* Lib */,
				CF80E30D20339C6800CE21AB /* UI */,
			);
			name = Source;
			path = lazymetro/Source;
			sourceTree = "<group>";
		};
		CF80E30C20339C6800CE21AB /* DataSources */ = {
			isa = PBXGroup;
			children = (
				CF9AE35A20443F0D00358F8D /* TableDataSource.swift */,
			);
			path = DataSources;
			sourceTree = "<group>";
		};
		CF80E30D20339C6800CE21AB /* UI */ = {
			isa = PBXGroup;
			children = (
				CF93AEBB203DCC820019D407 /* TabBarViewController */,
				CF80E3352033A34F00CE21AB /* TimerViewController */,
				CF80E32B2033A31300CE21AB /* MapViewController */,
				CF80E32020339F1E00CE21AB /* TripManagerViewController */,
				CF80E31220339E9000CE21AB /* SettingsViewController */,
			);
			path = UI;
			sourceTree = "<group>";
		};
		CF80E30E20339C6800CE21AB /* Kits */ = {
			isa = PBXGroup;
			children = (
				CF3D9BA520405DE900C88938 /* Global */,
			);
			path = Kits;
			sourceTree = "<group>";
		};
		CF80E30F20339C6800CE21AB /* Constants */ = {
			isa = PBXGroup;
			children = (
				CF611B3F20470AB0007C4807 /* Constants.swift */,
			);
			path = Constants;
			sourceTree = "<group>";
		};
		CF80E31020339C6800CE21AB /* Models */ = {
			isa = PBXGroup;
			children = (
				CF611B352046DFBC007C4807 /* User.swift */,
				CF611B372046E0F4007C4807 /* Section.swift */,
			);
			path = Models;
			sourceTree = "<group>";
		};
		CF80E31120339C6800CE21AB /* Lib */ = {
			isa = PBXGroup;
			children = (
				CF3D9B9E203F25A700C88938 /* UIImage+Extensions.swift */,
				CFF9DB3E204452890097060B /* ReusableCell.swift */,
				CFF9DB44204469C20097060B /* UITableView+Extensions.swift */,
			);
			path = Lib;
			sourceTree = "<group>";
		};
		CF80E31220339E9000CE21AB /* SettingsViewController */ = {
			isa = PBXGroup;
			children = (
				CF80E31520339EAE00CE21AB /* ViewModel */,
				CF80E31420339EA800CE21AB /* TableView */,
				CF80E31320339EA100CE21AB /* DataSource */,
				CF80E31620339ED200CE21AB /* SettingsViewController.swift */,
				CF80E31720339ED200CE21AB /* SettingsViewController.xib */,
				CF80E31E20339F1400CE21AB /* SettingsView.swift */,
			);
			path = SettingsViewController;
			sourceTree = "<group>";
		};
		CF80E31320339EA100CE21AB /* DataSource */ = {
			isa = PBXGroup;
			children = (
				CF80E31C20339F0000CE21AB /* SettingsDataSource.swift */,
			);
			path = DataSource;
			sourceTree = "<group>";
		};
		CF80E31420339EA800CE21AB /* TableView */ = {
			isa = PBXGroup;
			children = (
			);
			path = TableView;
			sourceTree = "<group>";
		};
		CF80E31520339EAE00CE21AB /* ViewModel */ = {
			isa = PBXGroup;
			children = (
				CF80E31A20339EF300CE21AB /* SettingsViewModel.swift */,
			);
			path = ViewModel;
			sourceTree = "<group>";
		};
		CF80E32020339F1E00CE21AB /* TripManagerViewController */ = {
			isa = PBXGroup;
			children = (
				CF80E3212033A1B400CE21AB /* ViewModel */,
				CF80E3232033A1DE00CE21AB /* TripManagerView.swift */,
				CF80E3252033A1E900CE21AB /* TripManagerViewController.swift */,
				CF80E3262033A1E900CE21AB /* TripManagerViewController.xib */,
			);
			path = TripManagerViewController;
			sourceTree = "<group>";
		};
		CF80E3212033A1B400CE21AB /* ViewModel */ = {
			isa = PBXGroup;
			children = (
				CF80E3292033A1F700CE21AB /* TripManagerViewModel.swift */,
			);
			path = ViewModel;
			sourceTree = "<group>";
		};
		CF80E32B2033A31300CE21AB /* MapViewController */ = {
			isa = PBXGroup;
			children = (
				CF80E32C2033A31C00CE21AB /* MapViewModel */,
				CF80E32F2033A33E00CE21AB /* MapViewController.swift */,
				CF80E3302033A33E00CE21AB /* MapViewController.xib */,
				CF80E3332033A34B00CE21AB /* MapView.swift */,
			);
			path = MapViewController;
			sourceTree = "<group>";
		};
		CF80E32C2033A31C00CE21AB /* MapViewModel */ = {
			isa = PBXGroup;
			children = (
				CF80E32D2033A32E00CE21AB /* MapViewModel.swift */,
			);
			path = MapViewModel;
			sourceTree = "<group>";
		};
		CF80E3352033A34F00CE21AB /* TimerViewController */ = {
			isa = PBXGroup;
			children = (
				CFF9DB40204455E70097060B /* DataSource */,
				CF3D9BA020401ACE00C88938 /* TimerTableViewCell */,
				CF80E3362033A37900CE21AB /* TimerViewModel */,
				CF80E3372033A38400CE21AB /* TimerView.swift */,
				CF80E33A2033A39400CE21AB /* TimerViewController.swift */,
				CF80E33B2033A39400CE21AB /* TimerViewController.xib */,
			);
			path = TimerViewController;
			sourceTree = "<group>";
		};
		CF80E3362033A37900CE21AB /* TimerViewModel */ = {
			isa = PBXGroup;
			children = (
				CF80E33E2033A3A100CE21AB /* TimerViewModel.swift */,
			);
			path = TimerViewModel;
			sourceTree = "<group>";
		};
		CF93AEBB203DCC820019D407 /* TabBarViewController */ = {
			isa = PBXGroup;
			children = (
				CF93AEBC203DCC9F0019D407 /* TabBarViewController.swift */,
			);
			path = TabBarViewController;
			sourceTree = "<group>";
		};
		CF9AE350204411A000358F8D /* Services */ = {
			isa = PBXGroup;
			children = (
				CF9AE351204411D000358F8D /* RealmManager.swift */,
				CF611B392046ED38007C4807 /* CoreDataManager.swift */,
			);
			path = Services;
			sourceTree = "<group>";
		};
		CF9AE353204415EC00358F8D /* Patterns */ = {
			isa = PBXGroup;
			children = (
				CF9AE354204415F600358F8D /* MVVMC */,
			);
			path = Patterns;
			sourceTree = "<group>";
		};
		CF9AE354204415F600358F8D /* MVVMC */ = {
			isa = PBXGroup;
			children = (
				CF9AE3562044161200358F8D /* ViewController.swift */,
				CF9AE3582044166500358F8D /* ViewModel.swift */,
				CF611B332046DC60007C4807 /* Coordinator.swift */,
			);
			path = MVVMC;
			sourceTree = "<group>";
		};
		CFCDAB9C2033976B000CD36F = {
			isa = PBXGroup;
			children = (
				CF80E30B20339C6800CE21AB /* Source */,
				CFCDABA72033976B000CD36F /* lazymetro */,
				CFCDABA62033976B000CD36F /* Products */,
				B3C0D0E1FB60A179475D8AE6 /* Pods */,
				62B150DD2FD998890145A754 /* Frameworks */,
			);
			sourceTree = "<group>";
		};
		CFCDABA62033976B000CD36F /* Products */ = {
			isa = PBXGroup;
			children = (
				CFCDABA52033976B000CD36F /* lazymetro.app */,
			);
			name = Products;
			sourceTree = "<group>";
		};
		CFCDABA72033976B000CD36F /* lazymetro */ = {
			isa = PBXGroup;
			children = (
				CFCDABA82033976B000CD36F /* AppDelegate.swift */,
				CFCDABAF2033976B000CD36F /* Assets.xcassets */,
				CFCDABB12033976B000CD36F /* LaunchScreen.storyboard */,
				CFCDABB42033976B000CD36F /* Info.plist */,
				CF726AE7203C7D480015BB70 /* ObjectiveBridgingHeader.h */,
			);
			path = lazymetro;
			sourceTree = "<group>";
		};
		CFF9DB40204455E70097060B /* DataSource */ = {
			isa = PBXGroup;
			children = (
				CFF9DB42204455F90097060B /* TimerDataSource.swift */,
			);
			path = DataSource;
			sourceTree = "<group>";
		};
/* End PBXGroup section */

/* Begin PBXNativeTarget section */
		CFCDABA42033976B000CD36F /* lazymetro */ = {
			isa = PBXNativeTarget;
			buildConfigurationList = CFCDABB72033976B000CD36F /* Build configuration list for PBXNativeTarget "lazymetro" */;
			buildPhases = (
				0E2EEFCF1234ED00E9B58C63 /* [CP] Check Pods Manifest.lock */,
				CFCDABA12033976B000CD36F /* Sources */,
				CFCDABA22033976B000CD36F /* Frameworks */,
				CFCDABA32033976B000CD36F /* Resources */,
				FDD2474F2F2782C0A764CB88 /* [CP] Embed Pods Frameworks */,
				FB946871C661CB4CFFC65F0E /* [CP] Copy Pods Resources */,
			);
			buildRules = (
			);
			dependencies = (
			);
			name = lazymetro;
			productName = lazymetro;
			productReference = CFCDABA52033976B000CD36F /* lazymetro.app */;
			productType = "com.apple.product-type.application";
		};
/* End PBXNativeTarget section */

/* Begin PBXProject section */
		CFCDAB9D2033976B000CD36F /* Project object */ = {
			isa = PBXProject;
			attributes = {
				LastSwiftUpdateCheck = 0920;
				LastUpgradeCheck = 0920;
				ORGANIZATIONNAME = "Alexey Khomych";
				TargetAttributes = {
					CFCDABA42033976B000CD36F = {
						CreatedOnToolsVersion = 9.2;
						ProvisioningStyle = Automatic;
					};
				};
			};
			buildConfigurationList = CFCDABA02033976B000CD36F /* Build configuration list for PBXProject "lazymetro" */;
			compatibilityVersion = "Xcode 8.0";
			developmentRegion = en;
			hasScannedForEncodings = 0;
			knownRegions = (
				en,
				Base,
			);
			mainGroup = CFCDAB9C2033976B000CD36F;
			productRefGroup = CFCDABA62033976B000CD36F /* Products */;
			projectDirPath = "";
			projectRoot = "";
			targets = (
				CFCDABA42033976B000CD36F /* lazymetro */,
			);
		};
/* End PBXProject section */

/* Begin PBXResourcesBuildPhase section */
		CFCDABA32033976B000CD36F /* Resources */ = {
			isa = PBXResourcesBuildPhase;
			buildActionMask = 2147483647;
			files = (
				CF80E3282033A1E900CE21AB /* TripManagerViewController.xib in Resources */,
				CF80E3322033A33E00CE21AB /* MapViewController.xib in Resources */,
				CFCDABB32033976B000CD36F /* LaunchScreen.storyboard in Resources */,
				CF80E33D2033A39400CE21AB /* TimerViewController.xib in Resources */,
				CF3D9BA420401AE900C88938 /* TimerTableViewCell.xib in Resources */,
				CFCDABB02033976B000CD36F /* Assets.xcassets in Resources */,
				CF80E31920339ED200CE21AB /* SettingsViewController.xib in Resources */,
			);
			runOnlyForDeploymentPostprocessing = 0;
		};
/* End PBXResourcesBuildPhase section */

/* Begin PBXShellScriptBuildPhase section */
		0E2EEFCF1234ED00E9B58C63 /* [CP] Check Pods Manifest.lock */ = {
			isa = PBXShellScriptBuildPhase;
			buildActionMask = 2147483647;
			files = (
			);
			inputPaths = (
				"${PODS_PODFILE_DIR_PATH}/Podfile.lock",
				"${PODS_ROOT}/Manifest.lock",
			);
			name = "[CP] Check Pods Manifest.lock";
			outputPaths = (
				"$(DERIVED_FILE_DIR)/Pods-lazymetro-checkManifestLockResult.txt",
			);
			runOnlyForDeploymentPostprocessing = 0;
			shellPath = /bin/sh;
			shellScript = "diff \"${PODS_PODFILE_DIR_PATH}/Podfile.lock\" \"${PODS_ROOT}/Manifest.lock\" > /dev/null\nif [ $? != 0 ] ; then\n    # print error to STDERR\n    echo \"error: The sandbox is not in sync with the Podfile.lock. Run 'pod install' or update your CocoaPods installation.\" >&2\n    exit 1\nfi\n# This output is used by Xcode 'outputs' to avoid re-running this script phase.\necho \"SUCCESS\" > \"${SCRIPT_OUTPUT_FILE_0}\"\n";
			showEnvVarsInLog = 0;
		};
		FB946871C661CB4CFFC65F0E /* [CP] Copy Pods Resources */ = {
			isa = PBXShellScriptBuildPhase;
			buildActionMask = 2147483647;
			files = (
			);
			inputPaths = (
				"${SRCROOT}/Pods/Target Support Files/Pods-lazymetro/Pods-lazymetro-resources.sh",
				"${PODS_ROOT}/GoogleMaps/Maps/Frameworks/GoogleMaps.framework/Resources/GoogleMaps.bundle",
			);
			name = "[CP] Copy Pods Resources";
			outputPaths = (
				"${TARGET_BUILD_DIR}/${UNLOCALIZED_RESOURCES_FOLDER_PATH}/GoogleMaps.bundle",
			);
			runOnlyForDeploymentPostprocessing = 0;
			shellPath = /bin/sh;
			shellScript = "\"${SRCROOT}/Pods/Target Support Files/Pods-lazymetro/Pods-lazymetro-resources.sh\"\n";
			showEnvVarsInLog = 0;
		};
		FDD2474F2F2782C0A764CB88 /* [CP] Embed Pods Frameworks */ = {
			isa = PBXShellScriptBuildPhase;
			buildActionMask = 2147483647;
			files = (
			);
			inputPaths = (
				"${SRCROOT}/Pods/Target Support Files/Pods-lazymetro/Pods-lazymetro-frameworks.sh",
				"${BUILT_PRODUCTS_DIR}/IDPCastable/IDPCastable.framework",
				"${BUILT_PRODUCTS_DIR}/IDPRootViewGettable/IDPRootViewGettable.framework",
				"${BUILT_PRODUCTS_DIR}/RAMAnimatedTabBarController/RAMAnimatedTabBarController.framework",
				"${BUILT_PRODUCTS_DIR}/Realm/Realm.framework",
				"${BUILT_PRODUCTS_DIR}/RealmSwift/RealmSwift.framework",
				"${BUILT_PRODUCTS_DIR}/Result/Result.framework",
				"${BUILT_PRODUCTS_DIR}/RxCocoa/RxCocoa.framework",
				"${BUILT_PRODUCTS_DIR}/RxSwift/RxSwift.framework",
			);
			name = "[CP] Embed Pods Frameworks";
			outputPaths = (
				"${TARGET_BUILD_DIR}/${FRAMEWORKS_FOLDER_PATH}/IDPCastable.framework",
				"${TARGET_BUILD_DIR}/${FRAMEWORKS_FOLDER_PATH}/IDPRootViewGettable.framework",
				"${TARGET_BUILD_DIR}/${FRAMEWORKS_FOLDER_PATH}/RAMAnimatedTabBarController.framework",
				"${TARGET_BUILD_DIR}/${FRAMEWORKS_FOLDER_PATH}/Realm.framework",
				"${TARGET_BUILD_DIR}/${FRAMEWORKS_FOLDER_PATH}/RealmSwift.framework",
				"${TARGET_BUILD_DIR}/${FRAMEWORKS_FOLDER_PATH}/Result.framework",
				"${TARGET_BUILD_DIR}/${FRAMEWORKS_FOLDER_PATH}/RxCocoa.framework",
				"${TARGET_BUILD_DIR}/${FRAMEWORKS_FOLDER_PATH}/RxSwift.framework",
			);
			runOnlyForDeploymentPostprocessing = 0;
			shellPath = /bin/sh;
			shellScript = "\"${SRCROOT}/Pods/Target Support Files/Pods-lazymetro/Pods-lazymetro-frameworks.sh\"\n";
			showEnvVarsInLog = 0;
		};
/* End PBXShellScriptBuildPhase section */

/* Begin PBXSourcesBuildPhase section */
		CFCDABA12033976B000CD36F /* Sources */ = {
			isa = PBXSourcesBuildPhase;
			buildActionMask = 2147483647;
			files = (
				CF80E33F2033A3A100CE21AB /* TimerViewModel.swift in Sources */,
				CF80E31F20339F1400CE21AB /* SettingsView.swift in Sources */,
				CF611B342046DC60007C4807 /* Coordinator.swift in Sources */,
				CF3D9BA720405DFA00C88938 /* Log.swift in Sources */,
				CF80E3242033A1DE00CE21AB /* TripManagerView.swift in Sources */,
				CF611B362046DFBC007C4807 /* User.swift in Sources */,
				CF80E3272033A1E900CE21AB /* TripManagerViewController.swift in Sources */,
				CF80E3342033A34B00CE21AB /* MapView.swift in Sources */,
				CF3D9BA320401AE900C88938 /* TimerTableViewCell.swift in Sources */,
				CF611B4020470AB0007C4807 /* Constants.swift in Sources */,
				CF80E3312033A33E00CE21AB /* MapViewController.swift in Sources */,
				CFF9DB3F204452890097060B /* ReusableCell.swift in Sources */,
				CFCDABA92033976B000CD36F /* AppDelegate.swift in Sources */,
				CF9AE35B20443F0D00358F8D /* TableDataSource.swift in Sources */,
				CF80E3382033A38400CE21AB /* TimerView.swift in Sources */,
				CFF9DB43204455F90097060B /* TimerDataSource.swift in Sources */,
				CF9AE3572044161200358F8D /* ViewController.swift in Sources */,
				CF80E31820339ED200CE21AB /* SettingsViewController.swift in Sources */,
				CF611B382046E0F4007C4807 /* Section.swift in Sources */,
				CF80E31B20339EF300CE21AB /* SettingsViewModel.swift in Sources */,
				CF9AE3592044166500358F8D /* ViewModel.swift in Sources */,
				CF80E32A2033A1F700CE21AB /* TripManagerViewModel.swift in Sources */,
				CF80E31D20339F0000CE21AB /* SettingsDataSource.swift in Sources */,
				CF80E33C2033A39400CE21AB /* TimerViewController.swift in Sources */,
				CFF9DB45204469C20097060B /* UITableView+Extensions.swift in Sources */,
				CF9AE352204411D000358F8D /* RealmManager.swift in Sources */,
				CF611B3A2046ED38007C4807 /* CoreDataManager.swift in Sources */,
				CF93AEBE203DCC9F0019D407 /* TabBarViewController.swift in Sources */,
				CF80E32E2033A32E00CE21AB /* MapViewModel.swift in Sources */,
				CF611B3E2046EED1007C4807 /* lazymetroCoreDataModel.xcdatamodeld in Sources */,
				CF3D9B9F203F25A700C88938 /* UIImage+Extensions.swift in Sources */,
			);
			runOnlyForDeploymentPostprocessing = 0;
		};
/* End PBXSourcesBuildPhase section */

/* Begin PBXVariantGroup section */
		CFCDABB12033976B000CD36F /* LaunchScreen.storyboard */ = {
			isa = PBXVariantGroup;
			children = (
				CFCDABB22033976B000CD36F /* Base */,
			);
			name = LaunchScreen.storyboard;
			sourceTree = "<group>";
		};
/* End PBXVariantGroup section */

/* Begin XCBuildConfiguration section */
		CFCDABB52033976B000CD36F /* Debug */ = {
			isa = XCBuildConfiguration;
			buildSettings = {
				ALWAYS_SEARCH_USER_PATHS = NO;
				CLANG_ANALYZER_NONNULL = YES;
				CLANG_ANALYZER_NUMBER_OBJECT_CONVERSION = YES_AGGRESSIVE;
				CLANG_CXX_LANGUAGE_STANDARD = "gnu++14";
				CLANG_CXX_LIBRARY = "libc++";
				CLANG_ENABLE_MODULES = YES;
				CLANG_ENABLE_OBJC_ARC = YES;
				CLANG_WARN_BLOCK_CAPTURE_AUTORELEASING = YES;
				CLANG_WARN_BOOL_CONVERSION = YES;
				CLANG_WARN_COMMA = YES;
				CLANG_WARN_CONSTANT_CONVERSION = YES;
				CLANG_WARN_DIRECT_OBJC_ISA_USAGE = YES_ERROR;
				CLANG_WARN_DOCUMENTATION_COMMENTS = YES;
				CLANG_WARN_EMPTY_BODY = YES;
				CLANG_WARN_ENUM_CONVERSION = YES;
				CLANG_WARN_INFINITE_RECURSION = YES;
				CLANG_WARN_INT_CONVERSION = YES;
				CLANG_WARN_NON_LITERAL_NULL_CONVERSION = YES;
				CLANG_WARN_OBJC_LITERAL_CONVERSION = YES;
				CLANG_WARN_OBJC_ROOT_CLASS = YES_ERROR;
				CLANG_WARN_RANGE_LOOP_ANALYSIS = YES;
				CLANG_WARN_STRICT_PROTOTYPES = YES;
				CLANG_WARN_SUSPICIOUS_MOVE = YES;
				CLANG_WARN_UNGUARDED_AVAILABILITY = YES_AGGRESSIVE;
				CLANG_WARN_UNREACHABLE_CODE = YES;
				CLANG_WARN__DUPLICATE_METHOD_MATCH = YES;
				CODE_SIGN_IDENTITY = "iPhone Developer";
				COPY_PHASE_STRIP = NO;
				DEBUG_INFORMATION_FORMAT = dwarf;
				ENABLE_STRICT_OBJC_MSGSEND = YES;
				ENABLE_TESTABILITY = YES;
				GCC_C_LANGUAGE_STANDARD = gnu11;
				GCC_DYNAMIC_NO_PIC = NO;
				GCC_NO_COMMON_BLOCKS = YES;
				GCC_OPTIMIZATION_LEVEL = 0;
				GCC_PREPROCESSOR_DEFINITIONS = (
					"DEBUG=1",
					"$(inherited)",
				);
				GCC_WARN_64_TO_32_BIT_CONVERSION = YES;
				GCC_WARN_ABOUT_RETURN_TYPE = YES_ERROR;
				GCC_WARN_UNDECLARED_SELECTOR = YES;
				GCC_WARN_UNINITIALIZED_AUTOS = YES_AGGRESSIVE;
				GCC_WARN_UNUSED_FUNCTION = YES;
				GCC_WARN_UNUSED_VARIABLE = YES;
				IPHONEOS_DEPLOYMENT_TARGET = 11.2;
				MTL_ENABLE_DEBUG_INFO = YES;
				ONLY_ACTIVE_ARCH = YES;
				SDKROOT = iphoneos;
				SWIFT_ACTIVE_COMPILATION_CONDITIONS = DEBUG;
				SWIFT_OPTIMIZATION_LEVEL = "-Onone";
			};
			name = Debug;
		};
		CFCDABB62033976B000CD36F /* Release */ = {
			isa = XCBuildConfiguration;
			buildSettings = {
				ALWAYS_SEARCH_USER_PATHS = NO;
				CLANG_ANALYZER_NONNULL = YES;
				CLANG_ANALYZER_NUMBER_OBJECT_CONVERSION = YES_AGGRESSIVE;
				CLANG_CXX_LANGUAGE_STANDARD = "gnu++14";
				CLANG_CXX_LIBRARY = "libc++";
				CLANG_ENABLE_MODULES = YES;
				CLANG_ENABLE_OBJC_ARC = YES;
				CLANG_WARN_BLOCK_CAPTURE_AUTORELEASING = YES;
				CLANG_WARN_BOOL_CONVERSION = YES;
				CLANG_WARN_COMMA = YES;
				CLANG_WARN_CONSTANT_CONVERSION = YES;
				CLANG_WARN_DIRECT_OBJC_ISA_USAGE = YES_ERROR;
				CLANG_WARN_DOCUMENTATION_COMMENTS = YES;
				CLANG_WARN_EMPTY_BODY = YES;
				CLANG_WARN_ENUM_CONVERSION = YES;
				CLANG_WARN_INFINITE_RECURSION = YES;
				CLANG_WARN_INT_CONVERSION = YES;
				CLANG_WARN_NON_LITERAL_NULL_CONVERSION = YES;
				CLANG_WARN_OBJC_LITERAL_CONVERSION = YES;
				CLANG_WARN_OBJC_ROOT_CLASS = YES_ERROR;
				CLANG_WARN_RANGE_LOOP_ANALYSIS = YES;
				CLANG_WARN_STRICT_PROTOTYPES = YES;
				CLANG_WARN_SUSPICIOUS_MOVE = YES;
				CLANG_WARN_UNGUARDED_AVAILABILITY = YES_AGGRESSIVE;
				CLANG_WARN_UNREACHABLE_CODE = YES;
				CLANG_WARN__DUPLICATE_METHOD_MATCH = YES;
				CODE_SIGN_IDENTITY = "iPhone Developer";
				COPY_PHASE_STRIP = NO;
				DEBUG_INFORMATION_FORMAT = "dwarf-with-dsym";
				ENABLE_NS_ASSERTIONS = NO;
				ENABLE_STRICT_OBJC_MSGSEND = YES;
				GCC_C_LANGUAGE_STANDARD = gnu11;
				GCC_NO_COMMON_BLOCKS = YES;
				GCC_WARN_64_TO_32_BIT_CONVERSION = YES;
				GCC_WARN_ABOUT_RETURN_TYPE = YES_ERROR;
				GCC_WARN_UNDECLARED_SELECTOR = YES;
				GCC_WARN_UNINITIALIZED_AUTOS = YES_AGGRESSIVE;
				GCC_WARN_UNUSED_FUNCTION = YES;
				GCC_WARN_UNUSED_VARIABLE = YES;
				IPHONEOS_DEPLOYMENT_TARGET = 11.2;
				MTL_ENABLE_DEBUG_INFO = NO;
				SDKROOT = iphoneos;
				SWIFT_OPTIMIZATION_LEVEL = "-Owholemodule";
				VALIDATE_PRODUCT = YES;
			};
			name = Release;
		};
		CFCDABB82033976B000CD36F /* Debug */ = {
			isa = XCBuildConfiguration;
			baseConfigurationReference = 57731B71FFA4866A76DF4084 /* Pods-lazymetro.debug.xcconfig */;
			buildSettings = {
				ASSETCATALOG_COMPILER_APPICON_NAME = AppIcon;
				CODE_SIGN_STYLE = Automatic;
				DEVELOPMENT_TEAM = M2WK6CS22K;
				INFOPLIST_FILE = lazymetro/Info.plist;
				IPHONEOS_DEPLOYMENT_TARGET = 10.0;
				LD_RUNPATH_SEARCH_PATHS = "$(inherited) @executable_path/Frameworks";
				PRODUCT_BUNDLE_IDENTIFIER = AlexeyKhomych.lazymetro;
				PRODUCT_NAME = "$(TARGET_NAME)";
				SWIFT_INSTALL_OBJC_HEADER = YES;
				SWIFT_OBJC_BRIDGING_HEADER = "$(PROJECT_DIR)/$(PROJECT_NAME)/ObjectiveBridgingHeader.h";
				SWIFT_VERSION = 4.0;
				TARGETED_DEVICE_FAMILY = "1,2";
			};
			name = Debug;
		};
		CFCDABB92033976B000CD36F /* Release */ = {
			isa = XCBuildConfiguration;
			baseConfigurationReference = 179D20FC81252A70EB95B48C /* Pods-lazymetro.release.xcconfig */;
			buildSettings = {
				ASSETCATALOG_COMPILER_APPICON_NAME = AppIcon;
				CODE_SIGN_STYLE = Automatic;
				DEVELOPMENT_TEAM = M2WK6CS22K;
				INFOPLIST_FILE = lazymetro/Info.plist;
				IPHONEOS_DEPLOYMENT_TARGET = 10.0;
				LD_RUNPATH_SEARCH_PATHS = "$(inherited) @executable_path/Frameworks";
				PRODUCT_BUNDLE_IDENTIFIER = AlexeyKhomych.lazymetro;
				PRODUCT_NAME = "$(TARGET_NAME)";
				SWIFT_INSTALL_OBJC_HEADER = YES;
				SWIFT_OBJC_BRIDGING_HEADER = "$(PROJECT_DIR)/$(PROJECT_NAME)/ObjectiveBridgingHeader.h";
				SWIFT_VERSION = 4.0;
				TARGETED_DEVICE_FAMILY = "1,2";
			};
			name = Release;
		};
/* End XCBuildConfiguration section */

/* Begin XCConfigurationList section */
		CFCDABA02033976B000CD36F /* Build configuration list for PBXProject "lazymetro" */ = {
			isa = XCConfigurationList;
			buildConfigurations = (
				CFCDABB52033976B000CD36F /* Debug */,
				CFCDABB62033976B000CD36F /* Release */,
			);
			defaultConfigurationIsVisible = 0;
			defaultConfigurationName = Release;
		};
		CFCDABB72033976B000CD36F /* Build configuration list for PBXNativeTarget "lazymetro" */ = {
			isa = XCConfigurationList;
			buildConfigurations = (
				CFCDABB82033976B000CD36F /* Debug */,
				CFCDABB92033976B000CD36F /* Release */,
			);
			defaultConfigurationIsVisible = 0;
			defaultConfigurationName = Release;
		};
/* End XCConfigurationList section */

/* Begin XCVersionGroup section */
		CF611B3C2046EED1007C4807 /* lazymetroCoreDataModel.xcdatamodeld */ = {
			isa = XCVersionGroup;
			children = (
				CF611B3D2046EED1007C4807 /* lazymetroCoreDataModel.xcdatamodel */,
			);
			currentVersion = CF611B3D2046EED1007C4807 /* lazymetroCoreDataModel.xcdatamodel */;
			path = lazymetroCoreDataModel.xcdatamodeld;
			sourceTree = "<group>";
			versionGroupType = wrapper.xcdatamodel;
		};
/* End XCVersionGroup section */
	};
	rootObject = CFCDAB9D2033976B000CD36F /* Project object */;
}
